
Microsoft Visual Studio Solution File, Format Version 12.00
# Visual Studio Version 16
VisualStudioVersion = 16.0.30413.136
MinimumVisualStudioVersion = 10.0.40219.1
Project("{FAE04EC0-301F-11D3-BF4B-00C04F79EFBC}") = "DayLightKeyGenerator", "DayLightKeyGenerator.csproj", "{70273DA5-0A00-46C3-B515-A3A3C56D5CF9}"
EndProject
Global
	GlobalSection(SolutionConfigurationPlatforms) = preSolution
		Debug|Any CPU = Debug|Any CPU
		Release|Any CPU = Release|Any CPU
	EndGlobalSection
	GlobalSection(ProjectConfigurationPlatforms) = postSolution
		{70273DA5-0A00-46C3-B515-A3A3C56D5CF9}.Debug|Any CPU.ActiveCfg = Debug|Any CPU
		{70273DA5-0A00-46C3-B515-A3A3C56D5CF9}.Debug|Any CPU.Build.0 = Debug|Any CPU
		{70273DA5-0A00-46C3-B515-A3A3C56D5CF9}.Release|Any CPU.ActiveCfg = Release|Any CPU
		{70273DA5-0A00-46C3-B515-A3A3C56D5CF9}.Release|Any CPU.Build.0 = Release|Any CPU
	EndGlobalSection
	GlobalSection(SolutionProperties) = preSolution
		HideSolutionNode = FALSE
	EndGlobalSection
	GlobalSection(ExtensibilityGlobals) = postSolution
		SolutionGuid = {D3973BF2-DEB4-45FA-8D7C-E98482664600}
	EndGlobalSection
EndGlobal
